
Microsoft Visual Studio Solution File, Format Version 11.00
# Visual Studio 2010
Project("{FAE04EC0-301F-11D3-BF4B-00C04F79EFBC}") = "Assembly-CSharp", "Assembly-CSharp.csproj", "{AC4D85B8-7E51-32CA-93E8-FB316B7317C9}"
EndProject
Project("{FAE04EC0-301F-11D3-BF4B-00C04F79EFBC}") = "Assembly-CSharp-Editor", "Assembly-CSharp-Editor.csproj", "{00894BE8-980B-8409-A1A3-59C96709F38C}"
EndProject
Global
	GlobalSection(SolutionConfigurationPlatforms) = preSolution
		Debug|Any CPU = Debug|Any CPU
		Release|Any CPU = Release|Any CPU
	EndGlobalSection
	GlobalSection(ProjectConfigurationPlatforms) = postSolution
		{AC4D85B8-7E51-32CA-93E8-FB316B7317C9}.Debug|Any CPU.ActiveCfg = Debug|Any CPU
		{AC4D85B8-7E51-32CA-93E8-FB316B7317C9}.Debug|Any CPU.Build.0 = Debug|Any CPU
		{AC4D85B8-7E51-32CA-93E8-FB316B7317C9}.Release|Any CPU.ActiveCfg = Release|Any CPU
		{AC4D85B8-7E51-32CA-93E8-FB316B7317C9}.Release|Any CPU.Build.0 = Release|Any CPU
		{00894BE8-980B-8409-A1A3-59C96709F38C}.Debug|Any CPU.ActiveCfg = Debug|Any CPU
		{00894BE8-980B-8409-A1A3-59C96709F38C}.Debug|Any CPU.Build.0 = Debug|Any CPU
		{00894BE8-980B-8409-A1A3-59C96709F38C}.Release|Any CPU.ActiveCfg = Release|Any CPU
		{00894BE8-980B-8409-A1A3-59C96709F38C}.Release|Any CPU.Build.0 = Release|Any CPU
	EndGlobalSection
	GlobalSection(SolutionProperties) = preSolution
		HideSolutionNode = FALSE
	EndGlobalSection
	GlobalSection(MonoDevelopProperties) = preSolution
		StartupItem = Assembly-CSharp.csproj
	EndGlobalSection
EndGlobal
